
Microsoft Visual Studio Solution File, Format Version 12.00
# Visual Studio Version 16
VisualStudioVersion = 16.0.30114.105
MinimumVisualStudioVersion = 10.0.40219.1
Project("{FAE04EC0-301F-11D3-BF4B-00C04F79EFBC}") = "SaritaWebApplication", "SaritaWebApplication.csproj", "{18C73D39-D329-44F7-B4CB-97F678D16DA6}"
EndProject
Global
	GlobalSection(SolutionConfigurationPlatforms) = preSolution
		Debug|Any CPU = Debug|Any CPU
		Release|Any CPU = Release|Any CPU
	EndGlobalSection
	GlobalSection(ProjectConfigurationPlatforms) = postSolution
		{18C73D39-D329-44F7-B4CB-97F678D16DA6}.Debug|Any CPU.ActiveCfg = Debug|Any CPU
		{18C73D39-D329-44F7-B4CB-97F678D16DA6}.Debug|Any CPU.Build.0 = Debug|Any CPU
		{18C73D39-D329-44F7-B4CB-97F678D16DA6}.Release|Any CPU.ActiveCfg = Release|Any CPU
		{18C73D39-D329-44F7-B4CB-97F678D16DA6}.Release|Any CPU.Build.0 = Release|Any CPU
	EndGlobalSection
	GlobalSection(SolutionProperties) = preSolution
		HideSolutionNode = FALSE
	EndGlobalSection
	GlobalSection(ExtensibilityGlobals) = postSolution
		SolutionGuid = {D9170D4F-10F1-405A-84D0-C62CE9D45A39}
	EndGlobalSection
EndGlobal
